{
  "name": "toc-ky",
  "version": "0.0.3",
  "lockfileVersion": 3,
  "requires": true,
  "packages": {
    "": {
      "name": "toc-ky",
      "version": "0.0.3",
      "license": "MIT",
      "devDependencies": {
        "spa-ssi": "0.0.23"
      }
    },
    "node_modules/spa-ssi": {
      "version": "0.0.23",
      "resolved": "https://registry.npmjs.org/spa-ssi/-/spa-ssi-0.0.23.tgz",
      "integrity": "sha512-lNsSvh0TR67srLVxmPuc5nfI944fZNdrppG6ZqF19K+F5QQfVng/hfZLYQygwFljtD/ah7oPY7xG7os+FzyYwQ==",
      "dev": true,
      "license": "MIT"
    }
  }
}
